// !$*UTF8*$!
{
	archiveVersion = 1;
	classes = {
	};
	objectVersion = 56;
	objects = {

/* Begin PBXBuildFile section */
		9BFBC0D82D5EE8500061F618 /* Lab1_elizabeth_thomasApp.swift in Sources */ = {isa = PBXBuildFile; fileRef = 9BFBC0D72D5EE8500061F618 /* Lab1_elizabeth_thomasApp.swift */; };
		9BFBC0DA2D5EE8500061F618 /* ContentView.swift in Sources */ = {isa = PBXBuildFile; fileRef = 9BFBC0D92D5EE8500061F618 /* ContentView.swift */; };
		9BFBC0DC2D5EE8500061F618 /* Assets.xcassets in Resources */ = {isa = PBXBuildFile; fileRef = 9BFBC0DB2D5EE8500061F618 /* Assets.xcassets */; };
		9BFBC0DF2D5EE8500061F618 /* Preview Assets.xcassets in Resources */ = {isa = PBXBuildFile; fileRef = 9BFBC0DE2D5EE8500061F618 /* Preview Assets.xcassets */; };
		9BFBC0E92D5EE8510061F618 /* Lab1_elizabeth_thomasTests.swift in Sources */ = {isa = PBXBuildFile; fileRef = 9BFBC0E82D5EE8510061F618 /* Lab1_elizabeth_thomasTests.swift */; };
		9BFBC0F32D5EE8510061F618 /* Lab1_elizabeth_thomasUITests.swift in Sources */ = {isa = PBXBuildFile; fileRef = 9BFBC0F22D5EE8510061F618 /* Lab1_elizabeth_thomasUITests.swift */; };
		9BFBC0F52D5EE8510061F618 /* Lab1_elizabeth_thomasUITestsLaunchTests.swift in Sources */ = {isa = PBXBuildFile; fileRef = 9BFBC0F42D5EE8510061F618 /* Lab1_elizabeth_thomasUITestsLaunchTests.swift */; };
/* End PBXBuildFile section */

/* Begin PBXContainerItemProxy section */
		9BFBC0E52D5EE8510061F618 /* PBXContainerItemProxy */ = {
			isa = PBXContainerItemProxy;
			containerPortal = 9BFBC0CC2D5EE8500061F618 /* Project object */;
			proxyType = 1;
			remoteGlobalIDString = 9BFBC0D32D5EE8500061F618;
			remoteInfo = Lab1_elizabeth_thomas;
		};
		9BFBC0EF2D5EE8510061F618 /* PBXContainerItemProxy */ = {
			isa = PBXContainerItemProxy;
			containerPortal = 9BFBC0CC2D5EE8500061F618 /* Project object */;
			proxyType = 1;
			remoteGlobalIDString = 9BFBC0D32D5EE8500061F618;
			remoteInfo = Lab1_elizabeth_thomas;
		};
/* End PBXContainerItemProxy section */

/* Begin PBXFileReference section */
		9BFBC0D42D5EE8500061F618 /* Lab1_elizabeth_thomas.app */ = {isa = PBXFileReference; explicitFileType = wrapper.application; includeInIndex = 0; path = Lab1_elizabeth_thomas.app; sourceTree = BUILT_PRODUCTS_DIR; };
		9BFBC0D72D5EE8500061F618 /* Lab1_elizabeth_thomasApp.swift */ = {isa = PBXFileReference; lastKnownFileType = sourcecode.swift; path = Lab1_elizabeth_thomasApp.swift; sourceTree = "<group>"; };
		9BFBC0D92D5EE8500061F618 /* ContentView.swift */ = {isa = PBXFileReference; lastKnownFileType = sourcecode.swift; path = ContentView.swift; sourceTree = "<group>"; };
		9BFBC0DB2D5EE8500061F618 /* Assets.xcassets */ = {isa = PBXFileReference; lastKnownFileType = folder.assetcatalog; path = Assets.xcassets; sourceTree = "<group>"; };
		9BFBC0DE2D5EE8500061F618 /* Preview Assets.xcassets */ = {isa = PBXFileReference; lastKnownFileType = folder.assetcatalog; path = "Preview Assets.xcassets"; sourceTree = "<group>"; };
		9BFBC0E42D5EE8510061F618 /* Lab1_elizabeth_thomasTests.xctest */ = {isa = PBXFileReference; explicitFileType = wrapper.cfbundle; includeInIndex = 0; path = Lab1_elizabeth_thomasTests.xctest; sourceTree = BUILT_PRODUCTS_DIR; };
		9BFBC0E82D5EE8510061F618 /* Lab1_elizabeth_thomasTests.swift */ = {isa = PBXFileReference; lastKnownFileType = sourcecode.swift; path = Lab1_elizabeth_thomasTests.swift; sourceTree = "<group>"; };
		9BFBC0EE2D5EE8510061F618 /* Lab1_elizabeth_thomasUITests.xctest */ = {isa = PBXFileReference; explicitFileType = wrapper.cfbundle; includeInIndex = 0; path = Lab1_elizabeth_thomasUITests.xctest; sourceTree = BUILT_PRODUCTS_DIR; };
		9BFBC0F22D5EE8510061F618 /* Lab1_elizabeth_thomasUITests.swift */ = {isa = PBXFileReference; lastKnownFileType = sourcecode.swift; path = Lab1_elizabeth_thomasUITests.swift; sourceTree = "<group>"; };
		9BFBC0F42D5EE8510061F618 /* Lab1_elizabeth_thomasUITestsLaunchTests.swift */ = {isa = PBXFileReference; lastKnownFileType = sourcecode.swift; path = Lab1_elizabeth_thomasUITestsLaunchTests.swift; sourceTree = "<group>"; };
/* End PBXFileReference section */

/* Begin PBXFrameworksBuildPhase section */
		9BFBC0D12D5EE8500061F618 /* Frameworks */ = {
			isa = PBXFrameworksBuildPhase;
			buildActionMask = 2147483647;
			files = (
			);
			runOnlyForDeploymentPostprocessing = 0;
		};
		9BFBC0E12D5EE8510061F618 /* Frameworks */ = {
			isa = PBXFrameworksBuildPhase;
			buildActionMask = 2147483647;
			files = (
			);
			runOnlyForDeploymentPostprocessing = 0;
		};
		9BFBC0EB2D5EE8510061F618 /* Frameworks */ = {
			isa = PBXFrameworksBuildPhase;
			buildActionMask = 2147483647;
			files = (
			);
			runOnlyForDeploymentPostprocessing = 0;
		};
/* End PBXFrameworksBuildPhase section */

/* Begin PBXGroup section */
		9BFBC0CB2D5EE8500061F618 = {
			isa = PBXGroup;
			children = (
				9BFBC0D62D5EE8500061F618 /* Lab1_elizabeth_thomas */,
				9BFBC0E72D5EE8510061F618 /* Lab1_elizabeth_thomasTests */,
				9BFBC0F12D5EE8510061F618 /* Lab1_elizabeth_thomasUITests */,
				9BFBC0D52D5EE8500061F618 /* Products */,
			);
			sourceTree = "<group>";
		};
		9BFBC0D52D5EE8500061F618 /* Products */ = {
			isa = PBXGroup;
			children = (
				9BFBC0D42D5EE8500061F618 /* Lab1_elizabeth_thomas.app */,
				9BFBC0E42D5EE8510061F618 /* Lab1_elizabeth_thomasTests.xctest */,
				9BFBC0EE2D5EE8510061F618 /* Lab1_elizabeth_thomasUITests.xctest */,
			);
			name = Products;
			sourceTree = "<group>";
		};
		9BFBC0D62D5EE8500061F618 /* Lab1_elizabeth_thomas */ = {
			isa = PBXGroup;
			children = (
				9BFBC0D72D5EE8500061F618 /* Lab1_elizabeth_thomasApp.swift */,
				9BFBC0D92D5EE8500061F618 /* ContentView.swift */,
				9BFBC0DB2D5EE8500061F618 /* Assets.xcassets */,
				9BFBC0DD2D5EE8500061F618 /* Preview Content */,
			);
			path = Lab1_elizabeth_thomas;
			sourceTree = "<group>";
		};
		9BFBC0DD2D5EE8500061F618 /* Preview Content */ = {
			isa = PBXGroup;
			children = (
				9BFBC0DE2D5EE8500061F618 /* Preview Assets.xcassets */,
			);
			path = "Preview Content";
			sourceTree = "<group>";
		};
		9BFBC0E72D5EE8510061F618 /* Lab1_elizabeth_thomasTests */ = {
			isa = PBXGroup;
			children = (
				9BFBC0E82D5EE8510061F618 /* Lab1_elizabeth_thomasTests.swift */,
			);
			path = Lab1_elizabeth_thomasTests;
			sourceTree = "<group>";
		};
		9BFBC0F12D5EE8510061F618 /* Lab1_elizabeth_thomasUITests */ = {
			isa = PBXGroup;
			children = (
				9BFBC0F22D5EE8510061F618 /* Lab1_elizabeth_thomasUITests.swift */,
				9BFBC0F42D5EE8510061F618 /* Lab1_elizabeth_thomasUITestsLaunchTests.swift */,
			);
			path = Lab1_elizabeth_thomasUITests;
			sourceTree = "<group>";
		};
/* End PBXGroup section */

/* Begin PBXNativeTarget section */
		9BFBC0D32D5EE8500061F618 /* Lab1_elizabeth_thomas */ = {
			isa = PBXNativeTarget;
			buildConfigurationList = 9BFBC0F82D5EE8510061F618 /* Build configuration list for PBXNativeTarget "Lab1_elizabeth_thomas" */;
			buildPhases = (
				9BFBC0D02D5EE8500061F618 /* Sources */,
				9BFBC0D12D5EE8500061F618 /* Frameworks */,
				9BFBC0D22D5EE8500061F618 /* Resources */,
			);
			buildRules = (
			);
			dependencies = (
			);
			name = Lab1_elizabeth_thomas;
			productName = Lab1_elizabeth_thomas;
			productReference = 9BFBC0D42D5EE8500061F618 /* Lab1_elizabeth_thomas.app */;
			productType = "com.apple.product-type.application";
		};
		9BFBC0E32D5EE8510061F618 /* Lab1_elizabeth_thomasTests */ = {
			isa = PBXNativeTarget;
			buildConfigurationList = 9BFBC0FB2D5EE8510061F618 /* Build configuration list for PBXNativeTarget "Lab1_elizabeth_thomasTests" */;
			buildPhases = (
				9BFBC0E02D5EE8510061F618 /* Sources */,
				9BFBC0E12D5EE8510061F618 /* Frameworks */,
				9BFBC0E22D5EE8510061F618 /* Resources */,
			);
			buildRules = (
			);
			dependencies = (
				9BFBC0E62D5EE8510061F618 /* PBXTargetDependency */,
			);
			name = Lab1_elizabeth_thomasTests;
			productName = Lab1_elizabeth_thomasTests;
			productReference = 9BFBC0E42D5EE8510061F618 /* Lab1_elizabeth_thomasTests.xctest */;
			productType = "com.apple.product-type.bundle.unit-test";
		};
		9BFBC0ED2D5EE8510061F618 /* Lab1_elizabeth_thomasUITests */ = {
			isa = PBXNativeTarget;
			buildConfigurationList = 9BFBC0FE2D5EE8510061F618 /* Build configuration list for PBXNativeTarget "Lab1_elizabeth_thomasUITests" */;
			buildPhases = (
				9BFBC0EA2D5EE8510061F618 /* Sources */,
				9BFBC0EB2D5EE8510061F618 /* Frameworks */,
				9BFBC0EC2D5EE8510061F618 /* Resources */,
			);
			buildRules = (
			);
			dependencies = (
				9BFBC0F02D5EE8510061F618 /* PBXTargetDependency */,
			);
			name = Lab1_elizabeth_thomasUITests;
			productName = Lab1_elizabeth_thomasUITests;
			productReference = 9BFBC0EE2D5EE8510061F618 /* Lab1_elizabeth_thomasUITests.xctest */;
			productType = "com.apple.product-type.bundle.ui-testing";
		};
/* End PBXNativeTarget section */

/* Begin PBXProject section */
		9BFBC0CC2D5EE8500061F618 /* Project object */ = {
			isa = PBXProject;
			attributes = {
				BuildIndependentTargetsInParallel = 1;
				LastSwiftUpdateCheck = 1520;
				LastUpgradeCheck = 1520;
				TargetAttributes = {
					9BFBC0D32D5EE8500061F618 = {
						CreatedOnToolsVersion = 15.2;
					};
					9BFBC0E32D5EE8510061F618 = {
						CreatedOnToolsVersion = 15.2;
						TestTargetID = 9BFBC0D32D5EE8500061F618;
					};
					9BFBC0ED2D5EE8510061F618 = {
						CreatedOnToolsVersion = 15.2;
						TestTargetID = 9BFBC0D32D5EE8500061F618;
					};
				};
			};
			buildConfigurationList = 9BFBC0CF2D5EE8500061F618 /* Build configuration list for PBXProject "Lab1_elizabeth_thomas" */;
			compatibilityVersion = "Xcode 14.0";
			developmentRegion = en;
			hasScannedForEncodings = 0;
			knownRegions = (
				en,
				Base,
			);
			mainGroup = 9BFBC0CB2D5EE8500061F618;
			productRefGroup = 9BFBC0D52D5EE8500061F618 /* Products */;
			projectDirPath = "";
			projectRoot = "";
			targets = (
				9BFBC0D32D5EE8500061F618 /* Lab1_elizabeth_thomas */,
				9BFBC0E32D5EE8510061F618 /* Lab1_elizabeth_thomasTests */,
				9BFBC0ED2D5EE8510061F618 /* Lab1_elizabeth_thomasUITests */,
			);
		};
/* End PBXProject section */

/* Begin PBXResourcesBuildPhase section */
		9BFBC0D22D5EE8500061F618 /* Resources */ = {
			isa = PBXResourcesBuildPhase;
			buildActionMask = 2147483647;
			files = (
				9BFBC0DF2D5EE8500061F618 /* Preview Assets.xcassets in Resources */,
				9BFBC0DC2D5EE8500061F618 /* Assets.xcassets in Resources */,
			);
			runOnlyForDeploymentPostprocessing = 0;
		};
		9BFBC0E22D5EE8510061F618 /* Resources */ = {
			isa = PBXResourcesBuildPhase;
			buildActionMask = 2147483647;
			files = (
			);
			runOnlyForDeploymentPostprocessing = 0;
		};
		9BFBC0EC2D5EE8510061F618 /* Resources */ = {
			isa = PBXResourcesBuildPhase;
			buildActionMask = 2147483647;
			files = (
			);
			runOnlyForDeploymentPostprocessing = 0;
		};
/* End PBXResourcesBuildPhase section */

/* Begin PBXSourcesBuildPhase section */
		9BFBC0D02D5EE8500061F618 /* Sources */ = {
			isa = PBXSourcesBuildPhase;
			buildActionMask = 2147483647;
			files = (
				9BFBC0DA2D5EE8500061F618 /* ContentView.swift in Sources */,
				9BFBC0D82D5EE8500061F618 /* Lab1_elizabeth_thomasApp.swift in Sources */,
			);
			runOnlyForDeploymentPostprocessing = 0;
		};
		9BFBC0E02D5EE8510061F618 /* Sources */ = {
			isa = PBXSourcesBuildPhase;
			buildActionMask = 2147483647;
			files = (
				9BFBC0E92D5EE8510061F618 /* Lab1_elizabeth_thomasTests.swift in Sources */,
			);
			runOnlyForDeploymentPostprocessing = 0;
		};
		9BFBC0EA2D5EE8510061F618 /* Sources */ = {
			isa = PBXSourcesBuildPhase;
			buildActionMask = 2147483647;
			files = (
				9BFBC0F32D5EE8510061F618 /* Lab1_elizabeth_thomasUITests.swift in Sources */,
				9BFBC0F52D5EE8510061F618 /* Lab1_elizabeth_thomasUITestsLaunchTests.swift in Sources */,
			);
			runOnlyForDeploymentPostprocessing = 0;
		};
/* End PBXSourcesBuildPhase section */

/* Begin PBXTargetDependency section */
		9BFBC0E62D5EE8510061F618 /* PBXTargetDependency */ = {
			isa = PBXTargetDependency;
			target = 9BFBC0D32D5EE8500061F618 /* Lab1_elizabeth_thomas */;
			targetProxy = 9BFBC0E52D5EE8510061F618 /* PBXContainerItemProxy */;
		};
		9BFBC0F02D5EE8510061F618 /* PBXTargetDependency */ = {
			isa = PBXTargetDependency;
			target = 9BFBC0D32D5EE8500061F618 /* Lab1_elizabeth_thomas */;
			targetProxy = 9BFBC0EF2D5EE8510061F618 /* PBXContainerItemProxy */;
		};
/* End PBXTargetDependency section */

/* Begin XCBuildConfiguration section */
		9BFBC0F62D5EE8510061F618 /* Debug */ = {
			isa = XCBuildConfiguration;
			buildSettings = {
				ALWAYS_SEARCH_USER_PATHS = NO;
				ASSETCATALOG_COMPILER_GENERATE_SWIFT_ASSET_SYMBOL_EXTENSIONS = YES;
				CLANG_ANALYZER_NONNULL = YES;
				CLANG_ANALYZER_NUMBER_OBJECT_CONVERSION = YES_AGGRESSIVE;
				CLANG_CXX_LANGUAGE_STANDARD = "gnu++20";
				CLANG_ENABLE_MODULES = YES;
				CLANG_ENABLE_OBJC_ARC = YES;
				CLANG_ENABLE_OBJC_WEAK = YES;
				CLANG_WARN_BLOCK_CAPTURE_AUTORELEASING = YES;
				CLANG_WARN_BOOL_CONVERSION = YES;
				CLANG_WARN_COMMA = YES;
				CLANG_WARN_CONSTANT_CONVERSION = YES;
				CLANG_WARN_DEPRECATED_OBJC_IMPLEMENTATIONS = YES;
				CLANG_WARN_DIRECT_OBJC_ISA_USAGE = YES_ERROR;
				CLANG_WARN_DOCUMENTATION_COMMENTS = YES;
				CLANG_WARN_EMPTY_BODY = YES;
				CLANG_WARN_ENUM_CONVERSION = YES;
				CLANG_WARN_INFINITE_RECURSION = YES;
				CLANG_WARN_INT_CONVERSION = YES;
				CLANG_WARN_NON_LITERAL_NULL_CONVERSION = YES;
				CLANG_WARN_OBJC_IMPLICIT_RETAIN_SELF = YES;
				CLANG_WARN_OBJC_LITERAL_CONVERSION = YES;
				CLANG_WARN_OBJC_ROOT_CLASS = YES_ERROR;
				CLANG_WARN_QUOTED_INCLUDE_IN_FRAMEWORK_HEADER = YES;
				CLANG_WARN_RANGE_LOOP_ANALYSIS = YES;
				CLANG_WARN_STRICT_PROTOTYPES = YES;
				CLANG_WARN_SUSPICIOUS_MOVE = YES;
				CLANG_WARN_UNGUARDED_AVAILABILITY = YES_AGGRESSIVE;
				CLANG_WARN_UNREACHABLE_CODE = YES;
				CLANG_WARN__DUPLICATE_METHOD_MATCH = YES;
				COPY_PHASE_STRIP = NO;
				DEBUG_INFORMATION_FORMAT = dwarf;
				ENABLE_STRICT_OBJC_MSGSEND = YES;
				ENABLE_TESTABILITY = YES;
				ENABLE_USER_SCRIPT_SANDBOXING = YES;
				GCC_C_LANGUAGE_STANDARD = gnu17;
				GCC_DYNAMIC_NO_PIC = NO;
				GCC_NO_COMMON_BLOCKS = YES;
				GCC_OPTIMIZATION_LEVEL = 0;
				GCC_PREPROCESSOR_DEFINITIONS = (
					"DEBUG=1",
					"$(inherited)",
				);
				GCC_WARN_64_TO_32_BIT_CONVERSION = YES;
				GCC_WARN_ABOUT_RETURN_TYPE = YES_ERROR;
				GCC_WARN_UNDECLARED_SELECTOR = YES;
				GCC_WARN_UNINITIALIZED_AUTOS = YES_AGGRESSIVE;
				GCC_WARN_UNUSED_FUNCTION = YES;
				GCC_WARN_UNUSED_VARIABLE = YES;
				IPHONEOS_DEPLOYMENT_TARGET = 17.2;
				LOCALIZATION_PREFERS_STRING_CATALOGS = YES;
				MTL_ENABLE_DEBUG_INFO = INCLUDE_SOURCE;
				MTL_FAST_MATH = YES;
				ONLY_ACTIVE_ARCH = YES;
				SDKROOT = iphoneos;
				SWIFT_ACTIVE_COMPILATION_CONDITIONS = "DEBUG $(inherited)";
				SWIFT_OPTIMIZATION_LEVEL = "-Onone";
			};
			name = Debug;
		};
		9BFBC0F72D5EE8510061F618 /* Release */ = {
			isa = XCBuildConfiguration;
			buildSettings = {
				ALWAYS_SEARCH_USER_PATHS = NO;
				ASSETCATALOG_COMPILER_GENERATE_SWIFT_ASSET_SYMBOL_EXTENSIONS = YES;
				CLANG_ANALYZER_NONNULL = YES;
				CLANG_ANALYZER_NUMBER_OBJECT_CONVERSION = YES_AGGRESSIVE;
				CLANG_CXX_LANGUAGE_STANDARD = "gnu++20";
				CLANG_ENABLE_MODULES = YES;
				CLANG_ENABLE_OBJC_ARC = YES;
				CLANG_ENABLE_OBJC_WEAK = YES;
				CLANG_WARN_BLOCK_CAPTURE_AUTORELEASING = YES;
				CLANG_WARN_BOOL_CONVERSION = YES;
				CLANG_WARN_COMMA = YES;
				CLANG_WARN_CONSTANT_CONVERSION = YES;
				CLANG_WARN_DEPRECATED_OBJC_IMPLEMENTATIONS = YES;
				CLANG_WARN_DIRECT_OBJC_ISA_USAGE = YES_ERROR;
				CLANG_WARN_DOCUMENTATION_COMMENTS = YES;
				CLANG_WARN_EMPTY_BODY = YES;
				CLANG_WARN_ENUM_CONVERSION = YES;
				CLANG_WARN_INFINITE_RECURSION = YES;
				CLANG_WARN_INT_CONVERSION = YES;
				CLANG_WARN_NON_LITERAL_NULL_CONVERSION = YES;
				CLANG_WARN_OBJC_IMPLICIT_RETAIN_SELF = YES;
				CLANG_WARN_OBJC_LITERAL_CONVERSION = YES;
				CLANG_WARN_OBJC_ROOT_CLASS = YES_ERROR;
				CLANG_WARN_QUOTED_INCLUDE_IN_FRAMEWORK_HEADER = YES;
				CLANG_WARN_RANGE_LOOP_ANALYSIS = YES;
				CLANG_WARN_STRICT_PROTOTYPES = YES;
				CLANG_WARN_SUSPICIOUS_MOVE = YES;
				CLANG_WARN_UNGUARDED_AVAILABILITY = YES_AGGRESSIVE;
				CLANG_WARN_UNREACHABLE_CODE = YES;
				CLANG_WARN__DUPLICATE_METHOD_MATCH = YES;
				COPY_PHASE_STRIP = NO;
				DEBUG_INFORMATION_FORMAT = "dwarf-with-dsym";
				ENABLE_NS_ASSERTIONS = NO;
				ENABLE_STRICT_OBJC_MSGSEND = YES;
				ENABLE_USER_SCRIPT_SANDBOXING = YES;
				GCC_C_LANGUAGE_STANDARD = gnu17;
				GCC_NO_COMMON_BLOCKS = YES;
				GCC_WARN_64_TO_32_BIT_CONVERSION = YES;
				GCC_WARN_ABOUT_RETURN_TYPE = YES_ERROR;
				GCC_WARN_UNDECLARED_SELECTOR = YES;
				GCC_WARN_UNINITIALIZED_AUTOS = YES_AGGRESSIVE;
				GCC_WARN_UNUSED_FUNCTION = YES;
				GCC_WARN_UNUSED_VARIABLE = YES;
				IPHONEOS_DEPLOYMENT_TARGET = 17.2;
				LOCALIZATION_PREFERS_STRING_CATALOGS = YES;
				MTL_ENABLE_DEBUG_INFO = NO;
				MTL_FAST_MATH = YES;
				SDKROOT = iphoneos;
				SWIFT_COMPILATION_MODE = wholemodule;
				VALIDATE_PRODUCT = YES;
			};
			name = Release;
		};
		9BFBC0F92D5EE8510061F618 /* Debug */ = {
			isa = XCBuildConfiguration;
			buildSettings = {
				ASSETCATALOG_COMPILER_APPICON_NAME = AppIcon;
				ASSETCATALOG_COMPILER_GLOBAL_ACCENT_COLOR_NAME = AccentColor;
				CODE_SIGN_STYLE = Automatic;
				CURRENT_PROJECT_VERSION = 1;
				DEVELOPMENT_ASSET_PATHS = "\"Lab1_elizabeth_thomas/Preview Content\"";
				ENABLE_PREVIEWS = YES;
				GENERATE_INFOPLIST_FILE = YES;
				INFOPLIST_KEY_UIApplicationSceneManifest_Generation = YES;
				INFOPLIST_KEY_UIApplicationSupportsIndirectInputEvents = YES;
				INFOPLIST_KEY_UILaunchScreen_Generation = YES;
				INFOPLIST_KEY_UISupportedInterfaceOrientations_iPad = "UIInterfaceOrientationPortrait UIInterfaceOrientationPortraitUpsideDown UIInterfaceOrientationLandscapeLeft UIInterfaceOrientationLandscapeRight";
				INFOPLIST_KEY_UISupportedInterfaceOrientations_iPhone = "UIInterfaceOrientationPortrait UIInterfaceOrientationLandscapeLeft UIInterfaceOrientationLandscapeRight";
				LD_RUNPATH_SEARCH_PATHS = (
					"$(inherited)",
					"@executable_path/Frameworks",
				);
				MARKETING_VERSION = 1.0;
				PRODUCT_BUNDLE_IDENTIFIER = "com.labtest.Lab1-elizabeth-thomas";
				PRODUCT_NAME = "$(TARGET_NAME)";
				SWIFT_EMIT_LOC_STRINGS = YES;
				SWIFT_VERSION = 5.0;
				TARGETED_DEVICE_FAMILY = "1,2";
			};
			name = Debug;
		};
		9BFBC0FA2D5EE8510061F618 /* Release */ = {
			isa = XCBuildConfiguration;
			buildSettings = {
				ASSETCATALOG_COMPILER_APPICON_NAME = AppIcon;
				ASSETCATALOG_COMPILER_GLOBAL_ACCENT_COLOR_NAME = AccentColor;
				CODE_SIGN_STYLE = Automatic;
				CURRENT_PROJECT_VERSION = 1;
				DEVELOPMENT_ASSET_PATHS = "\"Lab1_elizabeth_thomas/Preview Content\"";
				ENABLE_PREVIEWS = YES;
				GENERATE_INFOPLIST_FILE = YES;
				INFOPLIST_KEY_UIApplicationSceneManifest_Generation = YES;
				INFOPLIST_KEY_UIApplicationSupportsIndirectInputEvents = YES;
				INFOPLIST_KEY_UILaunchScreen_Generation = YES;
				INFOPLIST_KEY_UISupportedInterfaceOrientations_iPad = "UIInterfaceOrientationPortrait UIInterfaceOrientationPortraitUpsideDown UIInterfaceOrientationLandscapeLeft UIInterfaceOrientationLandscapeRight";
				INFOPLIST_KEY_UISupportedInterfaceOrientations_iPhone = "UIInterfaceOrientationPortrait UIInterfaceOrientationLandscapeLeft UIInterfaceOrientationLandscapeRight";
				LD_RUNPATH_SEARCH_PATHS = (
					"$(inherited)",
					"@executable_path/Frameworks",
				);
				MARKETING_VERSION = 1.0;
				PRODUCT_BUNDLE_IDENTIFIER = "com.labtest.Lab1-elizabeth-thomas";
				PRODUCT_NAME = "$(TARGET_NAME)";
				SWIFT_EMIT_LOC_STRINGS = YES;
				SWIFT_VERSION = 5.0;
				TARGETED_DEVICE_FAMILY = "1,2";
			};
			name = Release;
		};
		9BFBC0FC2D5EE8510061F618 /* Debug */ = {
			isa = XCBuildConfiguration;
			buildSettings = {
				ALWAYS_EMBED_SWIFT_STANDARD_LIBRARIES = YES;
				BUNDLE_LOADER = "$(TEST_HOST)";
				CODE_SIGN_STYLE = Automatic;
				CURRENT_PROJECT_VERSION = 1;
				GENERATE_INFOPLIST_FILE = YES;
				IPHONEOS_DEPLOYMENT_TARGET = 17.2;
				MARKETING_VERSION = 1.0;
				PRODUCT_BUNDLE_IDENTIFIER = "com.labtest.Lab1-elizabeth-thomasTests";
				PRODUCT_NAME = "$(TARGET_NAME)";
				SWIFT_EMIT_LOC_STRINGS = NO;
				SWIFT_VERSION = 5.0;
				TARGETED_DEVICE_FAMILY = "1,2";
				TEST_HOST = "$(BUILT_PRODUCTS_DIR)/Lab1_elizabeth_thomas.app/$(BUNDLE_EXECUTABLE_FOLDER_PATH)/Lab1_elizabeth_thomas";
			};
			name = Debug;
		};
		9BFBC0FD2D5EE8510061F618 /* Release */ = {
			isa = XCBuildConfiguration;
			buildSettings = {
				ALWAYS_EMBED_SWIFT_STANDARD_LIBRARIES = YES;
				BUNDLE_LOADER = "$(TEST_HOST)";
				CODE_SIGN_STYLE = Automatic;
				CURRENT_PROJECT_VERSION = 1;
				GENERATE_INFOPLIST_FILE = YES;
				IPHONEOS_DEPLOYMENT_TARGET = 17.2;
				MARKETING_VERSION = 1.0;
				PRODUCT_BUNDLE_IDENTIFIER = "com.labtest.Lab1-elizabeth-thomasTests";
				PRODUCT_NAME = "$(TARGET_NAME)";
				SWIFT_EMIT_LOC_STRINGS = NO;
				SWIFT_VERSION = 5.0;
				TARGETED_DEVICE_FAMILY = "1,2";
				TEST_HOST = "$(BUILT_PRODUCTS_DIR)/Lab1_elizabeth_thomas.app/$(BUNDLE_EXECUTABLE_FOLDER_PATH)/Lab1_elizabeth_thomas";
			};
			name = Release;
		};
		9BFBC0FF2D5EE8510061F618 /* Debug */ = {
			isa = XCBuildConfiguration;
			buildSettings = {
				ALWAYS_EMBED_SWIFT_STANDARD_LIBRARIES = YES;
				CODE_SIGN_STYLE = Automatic;
				CURRENT_PROJECT_VERSION = 1;
				GENERATE_INFOPLIST_FILE = YES;
				MARKETING_VERSION = 1.0;
				PRODUCT_BUNDLE_IDENTIFIER = "com.labtest.Lab1-elizabeth-thomasUITests";
				PRODUCT_NAME = "$(TARGET_NAME)";
				SWIFT_EMIT_LOC_STRINGS = NO;
				SWIFT_VERSION = 5.0;
				TARGETED_DEVICE_FAMILY = "1,2";
				TEST_TARGET_NAME = Lab1_elizabeth_thomas;
			};
			name = Debug;
		};
		9BFBC1002D5EE8510061F618 /* Release */ = {
			isa = XCBuildConfiguration;
			buildSettings = {
				ALWAYS_EMBED_SWIFT_STANDARD_LIBRARIES = YES;
				CODE_SIGN_STYLE = Automatic;
				CURRENT_PROJECT_VERSION = 1;
				GENERATE_INFOPLIST_FILE = YES;
				MARKETING_VERSION = 1.0;
				PRODUCT_BUNDLE_IDENTIFIER = "com.labtest.Lab1-elizabeth-thomasUITests";
				PRODUCT_NAME = "$(TARGET_NAME)";
				SWIFT_EMIT_LOC_STRINGS = NO;
				SWIFT_VERSION = 5.0;
				TARGETED_DEVICE_FAMILY = "1,2";
				TEST_TARGET_NAME = Lab1_elizabeth_thomas;
			};
			name = Release;
		};
/* End XCBuildConfiguration section */

/* Begin XCConfigurationList section */
		9BFBC0CF2D5EE8500061F618 /* Build configuration list for PBXProject "Lab1_elizabeth_thomas" */ = {
			isa = XCConfigurationList;
			buildConfigurations = (
				9BFBC0F62D5EE8510061F618 /* Debug */,
				9BFBC0F72D5EE8510061F618 /* Release */,
			);
			defaultConfigurationIsVisible = 0;
			defaultConfigurationName = Release;
		};
		9BFBC0F82D5EE8510061F618 /* Build configuration list for PBXNativeTarget "Lab1_elizabeth_thomas" */ = {
			isa = XCConfigurationList;
			buildConfigurations = (
				9BFBC0F92D5EE8510061F618 /* Debug */,
				9BFBC0FA2D5EE8510061F618 /* Release */,
			);
			defaultConfigurationIsVisible = 0;
			defaultConfigurationName = Release;
		};
		9BFBC0FB2D5EE8510061F618 /* Build configuration list for PBXNativeTarget "Lab1_elizabeth_thomasTests" */ = {
			isa = XCConfigurationList;
			buildConfigurations = (
				9BFBC0FC2D5EE8510061F618 /* Debug */,
				9BFBC0FD2D5EE8510061F618 /* Release */,
			);
			defaultConfigurationIsVisible = 0;
			defaultConfigurationName = Release;
		};
		9BFBC0FE2D5EE8510061F618 /* Build configuration list for PBXNativeTarget "Lab1_elizabeth_thomasUITests" */ = {
			isa = XCConfigurationList;
			buildConfigurations = (
				9BFBC0FF2D5EE8510061F618 /* Debug */,
				9BFBC1002D5EE8510061F618 /* Release */,
			);
			defaultConfigurationIsVisible = 0;
			defaultConfigurationName = Release;
		};
/* End XCConfigurationList section */
	};
	rootObject = 9BFBC0CC2D5EE8500061F618 /* Project object */;
}
